
Microsoft Visual Studio Solution File, Format Version 12.00
# Visual Studio 2012
Project("{FAE04EC0-301F-11D3-BF4B-00C04F79EFBC}") = "TpmWrapperLib", "TpmWrapper\TpmWrapperLib.csproj", "{2A55A289-B18F-40F0-8EEC-A9AF59CBBE85}"
EndProject
Project("{FAE04EC0-301F-11D3-BF4B-00C04F79EFBC}") = "TpmCmdsLib", "TpmCmdsLib\TpmCmdsLib.csproj", "{687F5DE9-E829-4A2A-B985-72CF692665D7}"
EndProject
Global
	GlobalSection(SolutionConfigurationPlatforms) = preSolution
		Debug|Any CPU = Debug|Any CPU
		Release|Any CPU = Release|Any CPU
	EndGlobalSection
	GlobalSection(ProjectConfigurationPlatforms) = postSolution
		{2A55A289-B18F-40F0-8EEC-A9AF59CBBE85}.Debug|Any CPU.ActiveCfg = Debug|Any CPU
		{2A55A289-B18F-40F0-8EEC-A9AF59CBBE85}.Debug|Any CPU.Build.0 = Debug|Any CPU
		{2A55A289-B18F-40F0-8EEC-A9AF59CBBE85}.Release|Any CPU.ActiveCfg = Release|Any CPU
		{2A55A289-B18F-40F0-8EEC-A9AF59CBBE85}.Release|Any CPU.Build.0 = Release|Any CPU
		{687F5DE9-E829-4A2A-B985-72CF692665D7}.Debug|Any CPU.ActiveCfg = Debug|Any CPU
		{687F5DE9-E829-4A2A-B985-72CF692665D7}.Debug|Any CPU.Build.0 = Debug|Any CPU
		{687F5DE9-E829-4A2A-B985-72CF692665D7}.Release|Any CPU.ActiveCfg = Release|Any CPU
		{687F5DE9-E829-4A2A-B985-72CF692665D7}.Release|Any CPU.Build.0 = Release|Any CPU
	EndGlobalSection
	GlobalSection(SolutionProperties) = preSolution
		HideSolutionNode = FALSE
	EndGlobalSection
EndGlobal
